
Microsoft Visual Studio Solution File, Format Version 12.00
# Visual Studio Version 17
VisualStudioVersion = 17.0.31912.275
MinimumVisualStudioVersion = 10.0.40219.1
Project("{FAE04EC0-301F-11D3-BF4B-00C04F79EFBC}") = "UC3_PrimeNumber", "UC3_PrimeNumber\UC3_PrimeNumber.csproj", "{EB673A7B-7E1E-4F1F-B5C4-04806E7F0724}"
EndProject
Global
	GlobalSection(SolutionConfigurationPlatforms) = preSolution
		Debug|Any CPU = Debug|Any CPU
		Release|Any CPU = Release|Any CPU
	EndGlobalSection
	GlobalSection(ProjectConfigurationPlatforms) = postSolution
		{EB673A7B-7E1E-4F1F-B5C4-04806E7F0724}.Debug|Any CPU.ActiveCfg = Debug|Any CPU
		{EB673A7B-7E1E-4F1F-B5C4-04806E7F0724}.Debug|Any CPU.Build.0 = Debug|Any CPU
		{EB673A7B-7E1E-4F1F-B5C4-04806E7F0724}.Release|Any CPU.ActiveCfg = Release|Any CPU
		{EB673A7B-7E1E-4F1F-B5C4-04806E7F0724}.Release|Any CPU.Build.0 = Release|Any CPU
	EndGlobalSection
	GlobalSection(SolutionProperties) = preSolution
		HideSolutionNode = FALSE
	EndGlobalSection
	GlobalSection(ExtensibilityGlobals) = postSolution
		SolutionGuid = {559BF512-F74D-443C-B8B2-13BB2A4608DA}
	EndGlobalSection
EndGlobal
